
Microsoft Visual Studio Solution File, Format Version 12.00
# Visual Studio Version 17
VisualStudioVersion = 17.0.32014.148
MinimumVisualStudioVersion = 15.0.26124.0
Project("{2150E333-8FDC-42A3-9474-1A3956D46DE8}") = "Solution Items", "Solution Items", "{5D700071-1793-4A5C-B28C-53BD0E171566}"
	ProjectSection(SolutionItems) = preProject
		.gitignore = .gitignore
		cliSettings.json = cliSettings.json
	EndProjectSection
EndProject
Project("{2150E333-8FDC-42A3-9474-1A3956D46DE8}") = "src", "src", "{34E67F7E-3B29-4566-A629-D97B011ADC68}"
EndProject
Project("{9A19103F-16F7-4668-BE54-9A1E7A4F7556}") = "Spa.Cli", "src\Spa.Cli\Spa.Cli.csproj", "{8E2C330B-B012-481C-946E-782D5FA96030}"
EndProject
Project("{2150E333-8FDC-42A3-9474-1A3956D46DE8}") = "test", "test", "{7A3CC1D3-AC5D-4AF5-AC41-079EC3AA9290}"
EndProject
Project("{9A19103F-16F7-4668-BE54-9A1E7A4F7556}") = "Spa.UnitTests", "test\Spa.UnitTests\Spa.UnitTests.csproj", "{778877DE-DDA7-448E-8B28-AB7392B0D219}"
EndProject
Project("{9A19103F-16F7-4668-BE54-9A1E7A4F7556}") = "Spa.Testing", "test\Spa.Testing\Spa.Testing.csproj", "{B787E3AE-4EFC-455B-9EA0-2D6B5B1631D1}"
EndProject
Project("{9A19103F-16F7-4668-BE54-9A1E7A4F7556}") = "Spa.Application.Plugin.Scss", "src\Plugins\Spa.Application.Plugin.Scss\Spa.Application.Plugin.Scss.csproj", "{2F67CCBF-E425-42B9-8F83-6A3FD55DE05D}"
EndProject
Project("{2150E333-8FDC-42A3-9474-1A3956D46DE8}") = "Plugins", "Plugins", "{AC6BC8AB-11AF-4276-9D49-AA9995DC0365}"
EndProject
Project("{9A19103F-16F7-4668-BE54-9A1E7A4F7556}") = "Spa.Application.Plugin.Material", "src\Plugins\Spa.Application.Plugin.Material\Spa.Application.Plugin.Material.csproj", "{DE38A429-F29C-4C70-AEB0-33769001149E}"
EndProject
Project("{9A19103F-16F7-4668-BE54-9A1E7A4F7556}") = "Spa.Application.Plugin.Translate", "src\Plugins\Spa.Application.Plugin.Translate\Spa.Application.Plugin.Translate.csproj", "{B6CF0213-B772-473D-905E-573E87F91539}"
EndProject
Project("{9A19103F-16F7-4668-BE54-9A1E7A4F7556}") = "Spa.Core", "src\Spa.Core\Spa.Core.csproj", "{3563A544-6F0F-458C-B38E-ACF12B4F4A5C}"
EndProject
Project("{9A19103F-16F7-4668-BE54-9A1E7A4F7556}") = "Spa.Application", "src\Spa.Application\Spa.Application.csproj", "{0FCBEBAA-AE27-4DB9-8D77-678DA6D61C74}"
EndProject
Global
	GlobalSection(SolutionConfigurationPlatforms) = preSolution
		Debug|Any CPU = Debug|Any CPU
		Debug|x64 = Debug|x64
		Debug|x86 = Debug|x86
		Release|Any CPU = Release|Any CPU
		Release|x64 = Release|x64
		Release|x86 = Release|x86
	EndGlobalSection
	GlobalSection(ProjectConfigurationPlatforms) = postSolution
		{8E2C330B-B012-481C-946E-782D5FA96030}.Debug|Any CPU.ActiveCfg = Debug|Any CPU
		{8E2C330B-B012-481C-946E-782D5FA96030}.Debug|Any CPU.Build.0 = Debug|Any CPU
		{8E2C330B-B012-481C-946E-782D5FA96030}.Debug|x64.ActiveCfg = Debug|Any CPU
		{8E2C330B-B012-481C-946E-782D5FA96030}.Debug|x64.Build.0 = Debug|Any CPU
		{8E2C330B-B012-481C-946E-782D5FA96030}.Debug|x86.ActiveCfg = Debug|Any CPU
		{8E2C330B-B012-481C-946E-782D5FA96030}.Debug|x86.Build.0 = Debug|Any CPU
		{8E2C330B-B012-481C-946E-782D5FA96030}.Release|Any CPU.ActiveCfg = Release|Any CPU
		{8E2C330B-B012-481C-946E-782D5FA96030}.Release|Any CPU.Build.0 = Release|Any CPU
		{8E2C330B-B012-481C-946E-782D5FA96030}.Release|x64.ActiveCfg = Release|Any CPU
		{8E2C330B-B012-481C-946E-782D5FA96030}.Release|x64.Build.0 = Release|Any CPU
		{8E2C330B-B012-481C-946E-782D5FA96030}.Release|x86.ActiveCfg = Release|Any CPU
		{8E2C330B-B012-481C-946E-782D5FA96030}.Release|x86.Build.0 = Release|Any CPU
		{778877DE-DDA7-448E-8B28-AB7392B0D219}.Debug|Any CPU.ActiveCfg = Debug|Any CPU
		{778877DE-DDA7-448E-8B28-AB7392B0D219}.Debug|Any CPU.Build.0 = Debug|Any CPU
		{778877DE-DDA7-448E-8B28-AB7392B0D219}.Debug|x64.ActiveCfg = Debug|Any CPU
		{778877DE-DDA7-448E-8B28-AB7392B0D219}.Debug|x64.Build.0 = Debug|Any CPU
		{778877DE-DDA7-448E-8B28-AB7392B0D219}.Debug|x86.ActiveCfg = Debug|Any CPU
		{778877DE-DDA7-448E-8B28-AB7392B0D219}.Debug|x86.Build.0 = Debug|Any CPU
		{778877DE-DDA7-448E-8B28-AB7392B0D219}.Release|Any CPU.ActiveCfg = Release|Any CPU
		{778877DE-DDA7-448E-8B28-AB7392B0D219}.Release|Any CPU.Build.0 = Release|Any CPU
		{778877DE-DDA7-448E-8B28-AB7392B0D219}.Release|x64.ActiveCfg = Release|Any CPU
		{778877DE-DDA7-448E-8B28-AB7392B0D219}.Release|x64.Build.0 = Release|Any CPU
		{778877DE-DDA7-448E-8B28-AB7392B0D219}.Release|x86.ActiveCfg = Release|Any CPU
		{778877DE-DDA7-448E-8B28-AB7392B0D219}.Release|x86.Build.0 = Release|Any CPU
		{B787E3AE-4EFC-455B-9EA0-2D6B5B1631D1}.Debug|Any CPU.ActiveCfg = Debug|Any CPU
		{B787E3AE-4EFC-455B-9EA0-2D6B5B1631D1}.Debug|Any CPU.Build.0 = Debug|Any CPU
		{B787E3AE-4EFC-455B-9EA0-2D6B5B1631D1}.Debug|x64.ActiveCfg = Debug|Any CPU
		{B787E3AE-4EFC-455B-9EA0-2D6B5B1631D1}.Debug|x64.Build.0 = Debug|Any CPU
		{B787E3AE-4EFC-455B-9EA0-2D6B5B1631D1}.Debug|x86.ActiveCfg = Debug|Any CPU
		{B787E3AE-4EFC-455B-9EA0-2D6B5B1631D1}.Debug|x86.Build.0 = Debug|Any CPU
		{B787E3AE-4EFC-455B-9EA0-2D6B5B1631D1}.Release|Any CPU.ActiveCfg = Release|Any CPU
		{B787E3AE-4EFC-455B-9EA0-2D6B5B1631D1}.Release|Any CPU.Build.0 = Release|Any CPU
		{B787E3AE-4EFC-455B-9EA0-2D6B5B1631D1}.Release|x64.ActiveCfg = Release|Any CPU
		{B787E3AE-4EFC-455B-9EA0-2D6B5B1631D1}.Release|x64.Build.0 = Release|Any CPU
		{B787E3AE-4EFC-455B-9EA0-2D6B5B1631D1}.Release|x86.ActiveCfg = Release|Any CPU
		{B787E3AE-4EFC-455B-9EA0-2D6B5B1631D1}.Release|x86.Build.0 = Release|Any CPU
		{2F67CCBF-E425-42B9-8F83-6A3FD55DE05D}.Debug|Any CPU.ActiveCfg = Debug|Any CPU
		{2F67CCBF-E425-42B9-8F83-6A3FD55DE05D}.Debug|Any CPU.Build.0 = Debug|Any CPU
		{2F67CCBF-E425-42B9-8F83-6A3FD55DE05D}.Debug|x64.ActiveCfg = Debug|Any CPU
		{2F67CCBF-E425-42B9-8F83-6A3FD55DE05D}.Debug|x64.Build.0 = Debug|Any CPU
		{2F67CCBF-E425-42B9-8F83-6A3FD55DE05D}.Debug|x86.ActiveCfg = Debug|Any CPU
		{2F67CCBF-E425-42B9-8F83-6A3FD55DE05D}.Debug|x86.Build.0 = Debug|Any CPU
		{2F67CCBF-E425-42B9-8F83-6A3FD55DE05D}.Release|Any CPU.ActiveCfg = Release|Any CPU
		{2F67CCBF-E425-42B9-8F83-6A3FD55DE05D}.Release|Any CPU.Build.0 = Release|Any CPU
		{2F67CCBF-E425-42B9-8F83-6A3FD55DE05D}.Release|x64.ActiveCfg = Release|Any CPU
		{2F67CCBF-E425-42B9-8F83-6A3FD55DE05D}.Release|x64.Build.0 = Release|Any CPU
		{2F67CCBF-E425-42B9-8F83-6A3FD55DE05D}.Release|x86.ActiveCfg = Release|Any CPU
		{2F67CCBF-E425-42B9-8F83-6A3FD55DE05D}.Release|x86.Build.0 = Release|Any CPU
		{DE38A429-F29C-4C70-AEB0-33769001149E}.Debug|Any CPU.ActiveCfg = Debug|Any CPU
		{DE38A429-F29C-4C70-AEB0-33769001149E}.Debug|Any CPU.Build.0 = Debug|Any CPU
		{DE38A429-F29C-4C70-AEB0-33769001149E}.Debug|x64.ActiveCfg = Debug|Any CPU
		{DE38A429-F29C-4C70-AEB0-33769001149E}.Debug|x64.Build.0 = Debug|Any CPU
		{DE38A429-F29C-4C70-AEB0-33769001149E}.Debug|x86.ActiveCfg = Debug|Any CPU
		{DE38A429-F29C-4C70-AEB0-33769001149E}.Debug|x86.Build.0 = Debug|Any CPU
		{DE38A429-F29C-4C70-AEB0-33769001149E}.Release|Any CPU.ActiveCfg = Release|Any CPU
		{DE38A429-F29C-4C70-AEB0-33769001149E}.Release|Any CPU.Build.0 = Release|Any CPU
		{DE38A429-F29C-4C70-AEB0-33769001149E}.Release|x64.ActiveCfg = Release|Any CPU
		{DE38A429-F29C-4C70-AEB0-33769001149E}.Release|x64.Build.0 = Release|Any CPU
		{DE38A429-F29C-4C70-AEB0-33769001149E}.Release|x86.ActiveCfg = Release|Any CPU
		{DE38A429-F29C-4C70-AEB0-33769001149E}.Release|x86.Build.0 = Release|Any CPU
		{B6CF0213-B772-473D-905E-573E87F91539}.Debug|Any CPU.ActiveCfg = Debug|Any CPU
		{B6CF0213-B772-473D-905E-573E87F91539}.Debug|Any CPU.Build.0 = Debug|Any CPU
		{B6CF0213-B772-473D-905E-573E87F91539}.Debug|x64.ActiveCfg = Debug|Any CPU
		{B6CF0213-B772-473D-905E-573E87F91539}.Debug|x64.Build.0 = Debug|Any CPU
		{B6CF0213-B772-473D-905E-573E87F91539}.Debug|x86.ActiveCfg = Debug|Any CPU
		{B6CF0213-B772-473D-905E-573E87F91539}.Debug|x86.Build.0 = Debug|Any CPU
		{B6CF0213-B772-473D-905E-573E87F91539}.Release|Any CPU.ActiveCfg = Release|Any CPU
		{B6CF0213-B772-473D-905E-573E87F91539}.Release|Any CPU.Build.0 = Release|Any CPU
		{B6CF0213-B772-473D-905E-573E87F91539}.Release|x64.ActiveCfg = Release|Any CPU
		{B6CF0213-B772-473D-905E-573E87F91539}.Release|x64.Build.0 = Release|Any CPU
		{B6CF0213-B772-473D-905E-573E87F91539}.Release|x86.ActiveCfg = Release|Any CPU
		{B6CF0213-B772-473D-905E-573E87F91539}.Release|x86.Build.0 = Release|Any CPU
		{3563A544-6F0F-458C-B38E-ACF12B4F4A5C}.Debug|Any CPU.ActiveCfg = Debug|Any CPU
		{3563A544-6F0F-458C-B38E-ACF12B4F4A5C}.Debug|Any CPU.Build.0 = Debug|Any CPU
		{3563A544-6F0F-458C-B38E-ACF12B4F4A5C}.Debug|x64.ActiveCfg = Debug|Any CPU
		{3563A544-6F0F-458C-B38E-ACF12B4F4A5C}.Debug|x64.Build.0 = Debug|Any CPU
		{3563A544-6F0F-458C-B38E-ACF12B4F4A5C}.Debug|x86.ActiveCfg = Debug|Any CPU
		{3563A544-6F0F-458C-B38E-ACF12B4F4A5C}.Debug|x86.Build.0 = Debug|Any CPU
		{3563A544-6F0F-458C-B38E-ACF12B4F4A5C}.Release|Any CPU.ActiveCfg = Release|Any CPU
		{3563A544-6F0F-458C-B38E-ACF12B4F4A5C}.Release|Any CPU.Build.0 = Release|Any CPU
		{3563A544-6F0F-458C-B38E-ACF12B4F4A5C}.Release|x64.ActiveCfg = Release|Any CPU
		{3563A544-6F0F-458C-B38E-ACF12B4F4A5C}.Release|x64.Build.0 = Release|Any CPU
		{3563A544-6F0F-458C-B38E-ACF12B4F4A5C}.Release|x86.ActiveCfg = Release|Any CPU
		{3563A544-6F0F-458C-B38E-ACF12B4F4A5C}.Release|x86.Build.0 = Release|Any CPU
		{0FCBEBAA-AE27-4DB9-8D77-678DA6D61C74}.Debug|Any CPU.ActiveCfg = Debug|Any CPU
		{0FCBEBAA-AE27-4DB9-8D77-678DA6D61C74}.Debug|Any CPU.Build.0 = Debug|Any CPU
		{0FCBEBAA-AE27-4DB9-8D77-678DA6D61C74}.Debug|x64.ActiveCfg = Debug|Any CPU
		{0FCBEBAA-AE27-4DB9-8D77-678DA6D61C74}.Debug|x64.Build.0 = Debug|Any CPU
		{0FCBEBAA-AE27-4DB9-8D77-678DA6D61C74}.Debug|x86.ActiveCfg = Debug|Any CPU
		{0FCBEBAA-AE27-4DB9-8D77-678DA6D61C74}.Debug|x86.Build.0 = Debug|Any CPU
		{0FCBEBAA-AE27-4DB9-8D77-678DA6D61C74}.Release|Any CPU.ActiveCfg = Release|Any CPU
		{0FCBEBAA-AE27-4DB9-8D77-678DA6D61C74}.Release|Any CPU.Build.0 = Release|Any CPU
		{0FCBEBAA-AE27-4DB9-8D77-678DA6D61C74}.Release|x64.ActiveCfg = Release|Any CPU
		{0FCBEBAA-AE27-4DB9-8D77-678DA6D61C74}.Release|x64.Build.0 = Release|Any CPU
		{0FCBEBAA-AE27-4DB9-8D77-678DA6D61C74}.Release|x86.ActiveCfg = Release|Any CPU
		{0FCBEBAA-AE27-4DB9-8D77-678DA6D61C74}.Release|x86.Build.0 = Release|Any CPU
	EndGlobalSection
	GlobalSection(SolutionProperties) = preSolution
		HideSolutionNode = FALSE
	EndGlobalSection
	GlobalSection(NestedProjects) = preSolution
		{8E2C330B-B012-481C-946E-782D5FA96030} = {34E67F7E-3B29-4566-A629-D97B011ADC68}
		{778877DE-DDA7-448E-8B28-AB7392B0D219} = {7A3CC1D3-AC5D-4AF5-AC41-079EC3AA9290}
		{B787E3AE-4EFC-455B-9EA0-2D6B5B1631D1} = {7A3CC1D3-AC5D-4AF5-AC41-079EC3AA9290}
		{2F67CCBF-E425-42B9-8F83-6A3FD55DE05D} = {AC6BC8AB-11AF-4276-9D49-AA9995DC0365}
		{AC6BC8AB-11AF-4276-9D49-AA9995DC0365} = {34E67F7E-3B29-4566-A629-D97B011ADC68}
		{DE38A429-F29C-4C70-AEB0-33769001149E} = {AC6BC8AB-11AF-4276-9D49-AA9995DC0365}
		{B6CF0213-B772-473D-905E-573E87F91539} = {AC6BC8AB-11AF-4276-9D49-AA9995DC0365}
		{3563A544-6F0F-458C-B38E-ACF12B4F4A5C} = {34E67F7E-3B29-4566-A629-D97B011ADC68}
		{0FCBEBAA-AE27-4DB9-8D77-678DA6D61C74} = {34E67F7E-3B29-4566-A629-D97B011ADC68}
	EndGlobalSection
	GlobalSection(ExtensibilityGlobals) = postSolution
		SolutionGuid = {49073070-30F8-4A87-8C18-0C28D7B36CE3}
	EndGlobalSection
EndGlobal
